
Microsoft Visual Studio Solution File, Format Version 12.00
# Visual Studio Version 16
VisualStudioVersion = 16.0.30907.101
MinimumVisualStudioVersion = 10.0.40219.1
Project("{FAE04EC0-301F-11D3-BF4B-00C04F79EFBC}") = "COMP3304Session1", "COMP3304Session1\COMP3304Session1.csproj", "{D352FA75-F779-4431-9BFB-06F98F42D25B}"
EndProject
Global
	GlobalSection(SolutionConfigurationPlatforms) = preSolution
		Debug|Any CPU = Debug|Any CPU
		Release|Any CPU = Release|Any CPU
	EndGlobalSection
	GlobalSection(ProjectConfigurationPlatforms) = postSolution
		{D352FA75-F779-4431-9BFB-06F98F42D25B}.Debug|Any CPU.ActiveCfg = Debug|Any CPU
		{D352FA75-F779-4431-9BFB-06F98F42D25B}.Debug|Any CPU.Build.0 = Debug|Any CPU
		{D352FA75-F779-4431-9BFB-06F98F42D25B}.Release|Any CPU.ActiveCfg = Release|Any CPU
		{D352FA75-F779-4431-9BFB-06F98F42D25B}.Release|Any CPU.Build.0 = Release|Any CPU
	EndGlobalSection
	GlobalSection(SolutionProperties) = preSolution
		HideSolutionNode = FALSE
	EndGlobalSection
	GlobalSection(ExtensibilityGlobals) = postSolution
		SolutionGuid = {37DDA16E-AD55-4606-80A5-E6363D03ADB2}
	EndGlobalSection
EndGlobal
